PODS:
  - iOSVoIPLib (0.1.0):
    - linphone-sdk (= 4.4.1)
  - linphone-sdk (4.4.1):
    - linphone-sdk/all-frameworks (= 4.4.1)
    - linphone-sdk/app-extension (= 4.4.1)
    - linphone-sdk/app-extension-swift (= 4.4.1)
    - linphone-sdk/basic-frameworks (= 4.4.1)
    - linphone-sdk/swift (= 4.4.1)
  - linphone-sdk/all-frameworks (4.4.1)
  - linphone-sdk/app-extension (4.4.1)
  - linphone-sdk/app-extension-swift (4.4.1):
    - linphone-sdk/app-extension
  - linphone-sdk/basic-frameworks (4.4.1):
    - linphone-sdk/app-extension
  - linphone-sdk/swift (4.4.1):
    - linphone-sdk/app-extension-swift
    - linphone-sdk/basic-frameworks
  - QuickTableViewController (1.3.1)
  - Swinject (2.7.1)

DEPENDENCIES:
  - iOSVoIPLib (from `../`)
  - QuickTableViewController
  - Swinject

SPEC REPOS:
  https://github.com/CocoaPods/Specs.git:
    - QuickTableViewController
    - Swinject
  https://gitlab.linphone.org/BC/public/podspec.git:
    - linphone-sdk

EXTERNAL SOURCES:
  iOSVoIPLib:
    :path: "../"

SPEC CHECKSUMS:
  iOSVoIPLib: 2f55881766cf9aeb93e8be5e1f78142a42036e98
  linphone-sdk: 91183cb3e3224d2d1a211357cd6a39d61636d17d
  QuickTableViewController: 25e698de1546c2b829c543d91b64ebc6e884acfc
  Swinject: ddf78b8486dd9b71a667b852cad919ab4484478e

PODFILE CHECKSUM: e2d164d553ce78efa7d3841ad2cab242473d03f7

COCOAPODS: 1.10.0
