PODS:
  - iOSVoIPLib (0.1.0):
    - linphone-sdk (= 5.1.10)
  - linphone-sdk (5.1.10):
    - linphone-sdk/all-frameworks (= 5.1.10)
    - linphone-sdk/app-extension (= 5.1.10)
    - linphone-sdk/app-extension-swift (= 5.1.10)
    - linphone-sdk/basic-frameworks (= 5.1.10)
    - linphone-sdk/swift (= 5.1.10)
  - linphone-sdk/all-frameworks (5.1.10)
  - linphone-sdk/app-extension (5.1.10)
  - linphone-sdk/app-extension-swift (5.1.10):
    - linphone-sdk/app-extension
  - linphone-sdk/basic-frameworks (5.1.10):
    - linphone-sdk/app-extension
  - linphone-sdk/swift (5.1.10):
    - linphone-sdk/app-extension-swift
    - linphone-sdk/basic-frameworks
  - QuickTableViewController (1.3.1)
  - Swinject (2.8.1)

DEPENDENCIES:
  - iOSVoIPLib (from `../`)
  - QuickTableViewController
  - Swinject

SPEC REPOS:
  https://github.com/CocoaPods/Specs.git:
    - QuickTableViewController
    - Swinject
  https://gitlab.linphone.org/BC/public/podspec.git:
    - linphone-sdk

EXTERNAL SOURCES:
  iOSVoIPLib:
    :path: "../"

SPEC CHECKSUMS:
  iOSVoIPLib: fb7d461917be6eb8d5453df313066871cc11fa8a
  linphone-sdk: c296697bc33e187d32ee7a7ad350ec7cbfd4ea30
  QuickTableViewController: 25e698de1546c2b829c543d91b64ebc6e884acfc
  Swinject: 97112918bd7e0785dc2df7036213f3c8cbba6586

PODFILE CHECKSUM: e2d164d553ce78efa7d3841ad2cab242473d03f7

COCOAPODS: 1.11.2
