// !$*UTF8*$!
{
	archiveVersion = 1;
	classes = {
	};
	objectVersion = 46;
	objects = {

/* Begin PBXBuildFile section */
		366642408801634064BA7858 /* Pods_iOSVoIPLib_Example.framework in Frameworks */ = {isa = PBXBuildFile; fileRef = 6E5653FAA79B0A98A024ECCB /* Pods_iOSVoIPLib_Example.framework */; };
		607FACEC1AFB9204008FA782 /* Tests.swift in Sources */ = {isa = PBXBuildFile; fileRef = 607FACEB1AFB9204008FA782 /* Tests.swift */; };
		8300A905262627D000D4D366 /* CallEvent.swift in Sources */ = {isa = PBXBuildFile; fileRef = 8300A904262627D000D4D366 /* CallEvent.swift */; };
		83A03A38261DE8E2001E3D23 /* CallManager.swift in Sources */ = {isa = PBXBuildFile; fileRef = 83A039FF261DE710001E3D23 /* CallManager.swift */; };
		83A03A4B261DE92A001E3D23 /* MicPermissionHelper.swift in Sources */ = {isa = PBXBuildFile; fileRef = 83A03A11261DE710001E3D23 /* MicPermissionHelper.swift */; };
		83A03A63261DF181001E3D23 /* AppDelegate.swift in Sources */ = {isa = PBXBuildFile; fileRef = 83A03A1D261DE710001E3D23 /* AppDelegate.swift */; };
		83A03A67261DF188001E3D23 /* SettingsViewController.swift in Sources */ = {isa = PBXBuildFile; fileRef = 83A03A0C261DE710001E3D23 /* SettingsViewController.swift */; };
		83A03A68261DF188001E3D23 /* LaunchScreen.xib in Resources */ = {isa = PBXBuildFile; fileRef = 83A03A06261DE710001E3D23 /* LaunchScreen.xib */; };
		83A03A69261DF188001E3D23 /* Images.xcassets in Resources */ = {isa = PBXBuildFile; fileRef = 83A03A0A261DE710001E3D23 /* Images.xcassets */; };
		83A03A6A261DF188001E3D23 /* DialerViewController.swift in Sources */ = {isa = PBXBuildFile; fileRef = 83A03A0B261DE710001E3D23 /* DialerViewController.swift */; };
		83A03A6B261DF188001E3D23 /* Main.storyboard in Resources */ = {isa = PBXBuildFile; fileRef = 83A03A08261DE710001E3D23 /* Main.storyboard */; };
		83A03A6C261DF188001E3D23 /* IncomingCallViewController.swift in Sources */ = {isa = PBXBuildFile; fileRef = 83A03A09261DE710001E3D23 /* IncomingCallViewController.swift */; };
		83A03A6D261DF188001E3D23 /* CallViewController.swift in Sources */ = {isa = PBXBuildFile; fileRef = 83A03A07261DE710001E3D23 /* CallViewController.swift */; };
		83E5087D26307E5E00267CF9 /* LoggingViewController.swift in Sources */ = {isa = PBXBuildFile; fileRef = 83E5087C26307E5E00267CF9 /* LoggingViewController.swift */; };
		83E508C726371AA100267CF9 /* LogManager.swift in Sources */ = {isa = PBXBuildFile; fileRef = 83E508C626371AA100267CF9 /* LogManager.swift */; };
		F71DAD4E55BCEBA788F2163F /* Pods_iOSVoIPLib_Tests.framework in Frameworks */ = {isa = PBXBuildFile; fileRef = 059BFDD3A7B6FECD90EB2342 /* Pods_iOSVoIPLib_Tests.framework */; };
/* End PBXBuildFile section */

/* Begin PBXContainerItemProxy section */
		607FACE61AFB9204008FA782 /* PBXContainerItemProxy */ = {
			isa = PBXContainerItemProxy;
			containerPortal = 607FACC81AFB9204008FA782 /* Project object */;
			proxyType = 1;
			remoteGlobalIDString = 607FACCF1AFB9204008FA782;
			remoteInfo = iOSVoIPLib;
		};
/* End PBXContainerItemProxy section */

/* Begin PBXFileReference section */
		059BFDD3A7B6FECD90EB2342 /* Pods_iOSVoIPLib_Tests.framework */ = {isa = PBXFileReference; explicitFileType = wrapper.framework; includeInIndex = 0; path = Pods_iOSVoIPLib_Tests.framework; sourceTree = BUILT_PRODUCTS_DIR; };
		17AD4A56BAB50115AEA64458 /* Pods-iOSVoIPLib_Example.debug.xcconfig */ = {isa = PBXFileReference; includeInIndex = 1; lastKnownFileType = text.xcconfig; name = "Pods-iOSVoIPLib_Example.debug.xcconfig"; path = "Target Support Files/Pods-iOSVoIPLib_Example/Pods-iOSVoIPLib_Example.debug.xcconfig"; sourceTree = "<group>"; };
		387E13631CFDC82954474438 /* iOSVoIPLib.podspec */ = {isa = PBXFileReference; includeInIndex = 1; lastKnownFileType = text; name = iOSVoIPLib.podspec; path = ../iOSVoIPLib.podspec; sourceTree = "<group>"; xcLanguageSpecificationIdentifier = xcode.lang.ruby; };
		5B084054B2EA811B7BCC8101 /* Pods-iOSVoIPLib_Tests.debug.xcconfig */ = {isa = PBXFileReference; includeInIndex = 1; lastKnownFileType = text.xcconfig; name = "Pods-iOSVoIPLib_Tests.debug.xcconfig"; path = "Target Support Files/Pods-iOSVoIPLib_Tests/Pods-iOSVoIPLib_Tests.debug.xcconfig"; sourceTree = "<group>"; };
		5C92D9F025DEE1D2003019D1 /* iOSVoIPLib.framework */ = {isa = PBXFileReference; explicitFileType = wrapper.framework; path = iOSVoIPLib.framework; sourceTree = BUILT_PRODUCTS_DIR; };
		5C92DA1725DEE3FB003019D1 /* iOSVoIPLib.framework */ = {isa = PBXFileReference; explicitFileType = wrapper.framework; path = iOSVoIPLib.framework; sourceTree = BUILT_PRODUCTS_DIR; };
		5C92DA2F25DEE663003019D1 /* iOSVoIPLib.framework */ = {isa = PBXFileReference; explicitFileType = wrapper.framework; path = iOSVoIPLib.framework; sourceTree = BUILT_PRODUCTS_DIR; };
		607FACD01AFB9204008FA782 /* iOSVoIPLib_Example.app */ = {isa = PBXFileReference; explicitFileType = wrapper.application; includeInIndex = 0; path = iOSVoIPLib_Example.app; sourceTree = BUILT_PRODUCTS_DIR; };
		607FACE51AFB9204008FA782 /* iOSVoIPLib_Tests.xctest */ = {isa = PBXFileReference; explicitFileType = wrapper.cfbundle; includeInIndex = 0; path = iOSVoIPLib_Tests.xctest; sourceTree = BUILT_PRODUCTS_DIR; };
		607FACEB1AFB9204008FA782 /* Tests.swift */ = {isa = PBXFileReference; lastKnownFileType = sourcecode.swift; path = Tests.swift; sourceTree = "<group>"; };
		6E5653FAA79B0A98A024ECCB /* Pods_iOSVoIPLib_Example.framework */ = {isa = PBXFileReference; explicitFileType = wrapper.framework; includeInIndex = 0; path = Pods_iOSVoIPLib_Example.framework; sourceTree = BUILT_PRODUCTS_DIR; };
		8300A904262627D000D4D366 /* CallEvent.swift */ = {isa = PBXFileReference; lastKnownFileType = sourcecode.swift; path = CallEvent.swift; sourceTree = "<group>"; };
		839DBD7A26149F1D00020B12 /* iOSVoIPLib_Example.entitlements */ = {isa = PBXFileReference; lastKnownFileType = text.plist.entitlements; path = iOSVoIPLib_Example.entitlements; sourceTree = "<group>"; };
		83A039FF261DE710001E3D23 /* CallManager.swift */ = {isa = PBXFileReference; lastKnownFileType = sourcecode.swift; path = CallManager.swift; sourceTree = "<group>"; };
		83A03A06261DE710001E3D23 /* LaunchScreen.xib */ = {isa = PBXFileReference; lastKnownFileType = file.xib; path = LaunchScreen.xib; sourceTree = "<group>"; };
		83A03A07261DE710001E3D23 /* CallViewController.swift */ = {isa = PBXFileReference; lastKnownFileType = sourcecode.swift; path = CallViewController.swift; sourceTree = "<group>"; };
		83A03A08261DE710001E3D23 /* Main.storyboard */ = {isa = PBXFileReference; lastKnownFileType = file.storyboard; path = Main.storyboard; sourceTree = "<group>"; };
		83A03A09261DE710001E3D23 /* IncomingCallViewController.swift */ = {isa = PBXFileReference; lastKnownFileType = sourcecode.swift; path = IncomingCallViewController.swift; sourceTree = "<group>"; };
		83A03A0A261DE710001E3D23 /* Images.xcassets */ = {isa = PBXFileReference; lastKnownFileType = folder.assetcatalog; path = Images.xcassets; sourceTree = "<group>"; };
		83A03A0B261DE710001E3D23 /* DialerViewController.swift */ = {isa = PBXFileReference; lastKnownFileType = sourcecode.swift; path = DialerViewController.swift; sourceTree = "<group>"; };
		83A03A0C261DE710001E3D23 /* SettingsViewController.swift */ = {isa = PBXFileReference; lastKnownFileType = sourcecode.swift; path = SettingsViewController.swift; sourceTree = "<group>"; };
		83A03A11261DE710001E3D23 /* MicPermissionHelper.swift */ = {isa = PBXFileReference; lastKnownFileType = sourcecode.swift; path = MicPermissionHelper.swift; sourceTree = "<group>"; };
		83A03A1C261DE710001E3D23 /* Info.plist */ = {isa = PBXFileReference; lastKnownFileType = text.plist.xml; path = Info.plist; sourceTree = "<group>"; };
		83A03A1D261DE710001E3D23 /* AppDelegate.swift */ = {isa = PBXFileReference; lastKnownFileType = sourcecode.swift; path = AppDelegate.swift; sourceTree = "<group>"; };
		83A03A97261E04AF001E3D23 /* TestsInfo.plist */ = {isa = PBXFileReference; fileEncoding = 4; lastKnownFileType = text.plist.xml; path = TestsInfo.plist; sourceTree = "<group>"; };
		83E5087C26307E5E00267CF9 /* LoggingViewController.swift */ = {isa = PBXFileReference; lastKnownFileType = sourcecode.swift; path = LoggingViewController.swift; sourceTree = "<group>"; };
		83E508C626371AA100267CF9 /* LogManager.swift */ = {isa = PBXFileReference; lastKnownFileType = sourcecode.swift; path = LogManager.swift; sourceTree = "<group>"; };
		8FA9869346A3F1CECE7AA701 /* Pods-iOSVoIPLib_Example.release.xcconfig */ = {isa = PBXFileReference; includeInIndex = 1; lastKnownFileType = text.xcconfig; name = "Pods-iOSVoIPLib_Example.release.xcconfig"; path = "Target Support Files/Pods-iOSVoIPLib_Example/Pods-iOSVoIPLib_Example.release.xcconfig"; sourceTree = "<group>"; };
		9DDF9B1901B8BCE6C1AF239E /* Pods-iOSVoIPLib_Tests.release.xcconfig */ = {isa = PBXFileReference; includeInIndex = 1; lastKnownFileType = text.xcconfig; name = "Pods-iOSVoIPLib_Tests.release.xcconfig"; path = "Target Support Files/Pods-iOSVoIPLib_Tests/Pods-iOSVoIPLib_Tests.release.xcconfig"; sourceTree = "<group>"; };
		B3B4BB21563C158E0B4AB32C /* README.md */ = {isa = PBXFileReference; includeInIndex = 1; lastKnownFileType = net.daringfireball.markdown; name = README.md; path = ../README.md; sourceTree = "<group>"; };
		C4B8E07076E48232EBD4073C /* LICENSE */ = {isa = PBXFileReference; includeInIndex = 1; lastKnownFileType = text; name = LICENSE; path = ../LICENSE; sourceTree = "<group>"; };
/* End PBXFileReference section */

/* Begin PBXFrameworksBuildPhase section */
		607FACCD1AFB9204008FA782 /* Frameworks */ = {
			isa = PBXFrameworksBuildPhase;
			buildActionMask = 2147483647;
			files = (
				366642408801634064BA7858 /* Pods_iOSVoIPLib_Example.framework in Frameworks */,
			);
			runOnlyForDeploymentPostprocessing = 0;
		};
		607FACE21AFB9204008FA782 /* Frameworks */ = {
			isa = PBXFrameworksBuildPhase;
			buildActionMask = 2147483647;
			files = (
				F71DAD4E55BCEBA788F2163F /* Pods_iOSVoIPLib_Tests.framework in Frameworks */,
			);
			runOnlyForDeploymentPostprocessing = 0;
		};
/* End PBXFrameworksBuildPhase section */

/* Begin PBXGroup section */
		607FACC71AFB9204008FA782 = {
			isa = PBXGroup;
			children = (
				839DBD7A26149F1D00020B12 /* iOSVoIPLib_Example.entitlements */,
				607FACF51AFB993E008FA782 /* Podspec Metadata */,
				83A039FC261DE710001E3D23 /* iOSVoIPLib-Example */,
				607FACE81AFB9204008FA782 /* Tests */,
				607FACD11AFB9204008FA782 /* Products */,
				B79BDB34F0677D148B4810E2 /* Pods */,
				B8ADDFA86A614E85311B42D1 /* Frameworks */,
			);
			sourceTree = "<group>";
		};
		607FACD11AFB9204008FA782 /* Products */ = {
			isa = PBXGroup;
			children = (
				607FACD01AFB9204008FA782 /* iOSVoIPLib_Example.app */,
				607FACE51AFB9204008FA782 /* iOSVoIPLib_Tests.xctest */,
			);
			name = Products;
			sourceTree = "<group>";
		};
		607FACE81AFB9204008FA782 /* Tests */ = {
			isa = PBXGroup;
			children = (
				607FACEB1AFB9204008FA782 /* Tests.swift */,
				83A03A97261E04AF001E3D23 /* TestsInfo.plist */,
			);
			path = Tests;
			sourceTree = "<group>";
		};
		607FACF51AFB993E008FA782 /* Podspec Metadata */ = {
			isa = PBXGroup;
			children = (
				387E13631CFDC82954474438 /* iOSVoIPLib.podspec */,
				B3B4BB21563C158E0B4AB32C /* README.md */,
				C4B8E07076E48232EBD4073C /* LICENSE */,
			);
			name = "Podspec Metadata";
			sourceTree = "<group>";
		};
		83A039FC261DE710001E3D23 /* iOSVoIPLib-Example */ = {
			isa = PBXGroup;
			children = (
				83A03A05261DE710001E3D23 /* UI */,
				83A03A1B261DE710001E3D23 /* Supporting Files */,
				83A039FF261DE710001E3D23 /* CallManager.swift */,
				83E508C626371AA100267CF9 /* LogManager.swift */,
				8300A904262627D000D4D366 /* CallEvent.swift */,
				83A03A1D261DE710001E3D23 /* AppDelegate.swift */,
			);
			path = "iOSVoIPLib-Example";
			sourceTree = "<group>";
		};
		83A03A05261DE710001E3D23 /* UI */ = {
			isa = PBXGroup;
			children = (
				83A03A07261DE710001E3D23 /* CallViewController.swift */,
				83A03A09261DE710001E3D23 /* IncomingCallViewController.swift */,
				83A03A0B261DE710001E3D23 /* DialerViewController.swift */,
				83A03A0C261DE710001E3D23 /* SettingsViewController.swift */,
				83E5087C26307E5E00267CF9 /* LoggingViewController.swift */,
				83A03A08261DE710001E3D23 /* Main.storyboard */,
				83A03A06261DE710001E3D23 /* LaunchScreen.xib */,
				83A03A0A261DE710001E3D23 /* Images.xcassets */,
			);
			path = UI;
			sourceTree = "<group>";
		};
		83A03A1B261DE710001E3D23 /* Supporting Files */ = {
			isa = PBXGroup;
			children = (
				83A03A11261DE710001E3D23 /* MicPermissionHelper.swift */,
				83A03A1C261DE710001E3D23 /* Info.plist */,
			);
			path = "Supporting Files";
			sourceTree = "<group>";
		};
		B79BDB34F0677D148B4810E2 /* Pods */ = {
			isa = PBXGroup;
			children = (
				17AD4A56BAB50115AEA64458 /* Pods-iOSVoIPLib_Example.debug.xcconfig */,
				8FA9869346A3F1CECE7AA701 /* Pods-iOSVoIPLib_Example.release.xcconfig */,
				5B084054B2EA811B7BCC8101 /* Pods-iOSVoIPLib_Tests.debug.xcconfig */,
				9DDF9B1901B8BCE6C1AF239E /* Pods-iOSVoIPLib_Tests.release.xcconfig */,
			);
			path = Pods;
			sourceTree = "<group>";
		};
		B8ADDFA86A614E85311B42D1 /* Frameworks */ = {
			isa = PBXGroup;
			children = (
				5C92DA2F25DEE663003019D1 /* iOSVoIPLib.framework */,
				5C92DA1725DEE3FB003019D1 /* iOSVoIPLib.framework */,
				5C92D9F025DEE1D2003019D1 /* iOSVoIPLib.framework */,
				6E5653FAA79B0A98A024ECCB /* Pods_iOSVoIPLib_Example.framework */,
				059BFDD3A7B6FECD90EB2342 /* Pods_iOSVoIPLib_Tests.framework */,
			);
			name = Frameworks;
			sourceTree = "<group>";
		};
/* End PBXGroup section */

/* Begin PBXNativeTarget section */
		607FACCF1AFB9204008FA782 /* iOSVoIPLib_Example */ = {
			isa = PBXNativeTarget;
			buildConfigurationList = 607FACEF1AFB9204008FA782 /* Build configuration list for PBXNativeTarget "iOSVoIPLib_Example" */;
			buildPhases = (
				82510E679188EB0816824268 /* [CP] Check Pods Manifest.lock */,
				607FACCC1AFB9204008FA782 /* Sources */,
				607FACCD1AFB9204008FA782 /* Frameworks */,
				607FACCE1AFB9204008FA782 /* Resources */,
				22CE960AE32B2427B7E6FB1A /* [CP] Embed Pods Frameworks */,
			);
			buildRules = (
			);
			dependencies = (
			);
			name = iOSVoIPLib_Example;
			productName = iOSVoIPLib;
			productReference = 607FACD01AFB9204008FA782 /* iOSVoIPLib_Example.app */;
			productType = "com.apple.product-type.application";
		};
		607FACE41AFB9204008FA782 /* iOSVoIPLib_Tests */ = {
			isa = PBXNativeTarget;
			buildConfigurationList = 607FACF21AFB9204008FA782 /* Build configuration list for PBXNativeTarget "iOSVoIPLib_Tests" */;
			buildPhases = (
				0C4139E1771775F142615AA2 /* [CP] Check Pods Manifest.lock */,
				607FACE11AFB9204008FA782 /* Sources */,
				607FACE21AFB9204008FA782 /* Frameworks */,
				607FACE31AFB9204008FA782 /* Resources */,
			);
			buildRules = (
			);
			dependencies = (
				607FACE71AFB9204008FA782 /* PBXTargetDependency */,
			);
			name = iOSVoIPLib_Tests;
			productName = Tests;
			productReference = 607FACE51AFB9204008FA782 /* iOSVoIPLib_Tests.xctest */;
			productType = "com.apple.product-type.bundle.unit-test";
		};
/* End PBXNativeTarget section */

/* Begin PBXProject section */
		607FACC81AFB9204008FA782 /* Project object */ = {
			isa = PBXProject;
			attributes = {
				LastSwiftUpdateCheck = 0830;
				LastUpgradeCheck = 1240;
				ORGANIZATIONNAME = CocoaPods;
				TargetAttributes = {
					607FACCF1AFB9204008FA782 = {
						CreatedOnToolsVersion = 6.3.1;
						DevelopmentTeam = E2Q9UE8HM6;
						LastSwiftMigration = 0900;
					};
					607FACE41AFB9204008FA782 = {
						CreatedOnToolsVersion = 6.3.1;
						DevelopmentTeam = E2Q9UE8HM6;
						LastSwiftMigration = 0900;
						TestTargetID = 607FACCF1AFB9204008FA782;
					};
				};
			};
			buildConfigurationList = 607FACCB1AFB9204008FA782 /* Build configuration list for PBXProject "iOSVoIPLib" */;
			compatibilityVersion = "Xcode 3.2";
			developmentRegion = en;
			hasScannedForEncodings = 0;
			knownRegions = (
				en,
				Base,
			);
			mainGroup = 607FACC71AFB9204008FA782;
			productRefGroup = 607FACD11AFB9204008FA782 /* Products */;
			projectDirPath = "";
			projectRoot = "";
			targets = (
				607FACCF1AFB9204008FA782 /* iOSVoIPLib_Example */,
				607FACE41AFB9204008FA782 /* iOSVoIPLib_Tests */,
			);
		};
/* End PBXProject section */

/* Begin PBXResourcesBuildPhase section */
		607FACCE1AFB9204008FA782 /* Resources */ = {
			isa = PBXResourcesBuildPhase;
			buildActionMask = 2147483647;
			files = (
				83A03A69261DF188001E3D23 /* Images.xcassets in Resources */,
				83A03A68261DF188001E3D23 /* LaunchScreen.xib in Resources */,
				83A03A6B261DF188001E3D23 /* Main.storyboard in Resources */,
			);
			runOnlyForDeploymentPostprocessing = 0;
		};
		607FACE31AFB9204008FA782 /* Resources */ = {
			isa = PBXResourcesBuildPhase;
			buildActionMask = 2147483647;
			files = (
			);
			runOnlyForDeploymentPostprocessing = 0;
		};
/* End PBXResourcesBuildPhase section */

/* Begin PBXShellScriptBuildPhase section */
		0C4139E1771775F142615AA2 /* [CP] Check Pods Manifest.lock */ = {
			isa = PBXShellScriptBuildPhase;
			buildActionMask = 2147483647;
			files = (
			);
			inputFileListPaths = (
			);
			inputPaths = (
				"${PODS_PODFILE_DIR_PATH}/Podfile.lock",
				"${PODS_ROOT}/Manifest.lock",
			);
			name = "[CP] Check Pods Manifest.lock";
			outputFileListPaths = (
			);
			outputPaths = (
				"$(DERIVED_FILE_DIR)/Pods-iOSVoIPLib_Tests-checkManifestLockResult.txt",
			);
			runOnlyForDeploymentPostprocessing = 0;
			shellPath = /bin/sh;
			shellScript = "diff \"${PODS_PODFILE_DIR_PATH}/Podfile.lock\" \"${PODS_ROOT}/Manifest.lock\" > /dev/null\nif [ $? != 0 ] ; then\n    # print error to STDERR\n    echo \"error: The sandbox is not in sync with the Podfile.lock. Run 'pod install' or update your CocoaPods installation.\" >&2\n    exit 1\nfi\n# This output is used by Xcode 'outputs' to avoid re-running this script phase.\necho \"SUCCESS\" > \"${SCRIPT_OUTPUT_FILE_0}\"\n";
			showEnvVarsInLog = 0;
		};
		22CE960AE32B2427B7E6FB1A /* [CP] Embed Pods Frameworks */ = {
			isa = PBXShellScriptBuildPhase;
			buildActionMask = 2147483647;
			files = (
			);
			inputPaths = (
				"${PODS_ROOT}/Target Support Files/Pods-iOSVoIPLib_Example/Pods-iOSVoIPLib_Example-frameworks.sh",
				"${BUILT_PRODUCTS_DIR}/QuickTableViewController/QuickTableViewController.framework",
				"${BUILT_PRODUCTS_DIR}/Swinject/Swinject.framework",
				"${BUILT_PRODUCTS_DIR}/iOSVoIPLib/iOSVoIPLib.framework",
				"${PODS_ROOT}/linphone-sdk/linphone-sdk/apple-darwin/Frameworks/bctoolbox-ios.framework",
				"${PODS_ROOT}/linphone-sdk/linphone-sdk/apple-darwin/Frameworks/bctoolbox-tester.framework",
				"${PODS_ROOT}/linphone-sdk/linphone-sdk/apple-darwin/Frameworks/bctoolbox.framework",
				"${PODS_ROOT}/linphone-sdk/linphone-sdk/apple-darwin/Frameworks/belcard.framework",
				"${PODS_ROOT}/linphone-sdk/linphone-sdk/apple-darwin/Frameworks/belle-sip.framework",
				"${PODS_ROOT}/linphone-sdk/linphone-sdk/apple-darwin/Frameworks/belr.framework",
				"${PODS_ROOT}/linphone-sdk/linphone-sdk/apple-darwin/Frameworks/lime.framework",
				"${PODS_ROOT}/linphone-sdk/linphone-sdk/apple-darwin/Frameworks/limetester.framework",
				"${PODS_ROOT}/linphone-sdk/linphone-sdk/apple-darwin/Frameworks/linphone.framework",
				"${PODS_ROOT}/linphone-sdk/linphone-sdk/apple-darwin/Frameworks/linphonesw.framework",
				"${PODS_ROOT}/linphone-sdk/linphone-sdk/apple-darwin/Frameworks/linphonetester.framework",
				"${PODS_ROOT}/linphone-sdk/linphone-sdk/apple-darwin/Frameworks/mediastreamer2.framework",
				"${PODS_ROOT}/linphone-sdk/linphone-sdk/apple-darwin/Frameworks/msamr.framework",
				"${PODS_ROOT}/linphone-sdk/linphone-sdk/apple-darwin/Frameworks/mscodec2.framework",
				"${PODS_ROOT}/linphone-sdk/linphone-sdk/apple-darwin/Frameworks/msopenh264.framework",
				"${PODS_ROOT}/linphone-sdk/linphone-sdk/apple-darwin/Frameworks/mssilk.framework",
				"${PODS_ROOT}/linphone-sdk/linphone-sdk/apple-darwin/Frameworks/mswebrtc.framework",
				"${PODS_ROOT}/linphone-sdk/linphone-sdk/apple-darwin/Frameworks/msx264.framework",
				"${PODS_ROOT}/linphone-sdk/linphone-sdk/apple-darwin/Frameworks/ortp.framework",
				"${BUILT_PRODUCTS_DIR}/linphone-sdk/linphonesw.framework",
			);
			name = "[CP] Embed Pods Frameworks";
			outputPaths = (
				"${TARGET_BUILD_DIR}/${FRAMEWORKS_FOLDER_PATH}/QuickTableViewController.framework",
				"${TARGET_BUILD_DIR}/${FRAMEWORKS_FOLDER_PATH}/Swinject.framework",
				"${TARGET_BUILD_DIR}/${FRAMEWORKS_FOLDER_PATH}/iOSVoIPLib.framework",
				"${TARGET_BUILD_DIR}/${FRAMEWORKS_FOLDER_PATH}/bctoolbox-ios.framework",
				"${TARGET_BUILD_DIR}/${FRAMEWORKS_FOLDER_PATH}/bctoolbox-tester.framework",
				"${TARGET_BUILD_DIR}/${FRAMEWORKS_FOLDER_PATH}/bctoolbox.framework",
				"${TARGET_BUILD_DIR}/${FRAMEWORKS_FOLDER_PATH}/belcard.framework",
				"${TARGET_BUILD_DIR}/${FRAMEWORKS_FOLDER_PATH}/belle-sip.framework",
				"${TARGET_BUILD_DIR}/${FRAMEWORKS_FOLDER_PATH}/belr.framework",
				"${TARGET_BUILD_DIR}/${FRAMEWORKS_FOLDER_PATH}/lime.framework",
				"${TARGET_BUILD_DIR}/${FRAMEWORKS_FOLDER_PATH}/limetester.framework",
				"${TARGET_BUILD_DIR}/${FRAMEWORKS_FOLDER_PATH}/linphone.framework",
				"${TARGET_BUILD_DIR}/${FRAMEWORKS_FOLDER_PATH}/linphonesw.framework",
				"${TARGET_BUILD_DIR}/${FRAMEWORKS_FOLDER_PATH}/linphonetester.framework",
				"${TARGET_BUILD_DIR}/${FRAMEWORKS_FOLDER_PATH}/mediastreamer2.framework",
				"${TARGET_BUILD_DIR}/${FRAMEWORKS_FOLDER_PATH}/msamr.framework",
				"${TARGET_BUILD_DIR}/${FRAMEWORKS_FOLDER_PATH}/mscodec2.framework",
				"${TARGET_BUILD_DIR}/${FRAMEWORKS_FOLDER_PATH}/msopenh264.framework",
				"${TARGET_BUILD_DIR}/${FRAMEWORKS_FOLDER_PATH}/mssilk.framework",
				"${TARGET_BUILD_DIR}/${FRAMEWORKS_FOLDER_PATH}/mswebrtc.framework",
				"${TARGET_BUILD_DIR}/${FRAMEWORKS_FOLDER_PATH}/msx264.framework",
				"${TARGET_BUILD_DIR}/${FRAMEWORKS_FOLDER_PATH}/ortp.framework",
			);
			runOnlyForDeploymentPostprocessing = 0;
			shellPath = /bin/sh;
			shellScript = "\"${PODS_ROOT}/Target Support Files/Pods-iOSVoIPLib_Example/Pods-iOSVoIPLib_Example-frameworks.sh\"\n";
			showEnvVarsInLog = 0;
		};
		82510E679188EB0816824268 /* [CP] Check Pods Manifest.lock */ = {
			isa = PBXShellScriptBuildPhase;
			buildActionMask = 2147483647;
			files = (
			);
			inputFileListPaths = (
			);
			inputPaths = (
				"${PODS_PODFILE_DIR_PATH}/Podfile.lock",
				"${PODS_ROOT}/Manifest.lock",
			);
			name = "[CP] Check Pods Manifest.lock";
			outputFileListPaths = (
			);
			outputPaths = (
				"$(DERIVED_FILE_DIR)/Pods-iOSVoIPLib_Example-checkManifestLockResult.txt",
			);
			runOnlyForDeploymentPostprocessing = 0;
			shellPath = /bin/sh;
			shellScript = "diff \"${PODS_PODFILE_DIR_PATH}/Podfile.lock\" \"${PODS_ROOT}/Manifest.lock\" > /dev/null\nif [ $? != 0 ] ; then\n    # print error to STDERR\n    echo \"error: The sandbox is not in sync with the Podfile.lock. Run 'pod install' or update your CocoaPods installation.\" >&2\n    exit 1\nfi\n# This output is used by Xcode 'outputs' to avoid re-running this script phase.\necho \"SUCCESS\" > \"${SCRIPT_OUTPUT_FILE_0}\"\n";
			showEnvVarsInLog = 0;
		};
/* End PBXShellScriptBuildPhase section */

/* Begin PBXSourcesBuildPhase section */
		607FACCC1AFB9204008FA782 /* Sources */ = {
			isa = PBXSourcesBuildPhase;
			buildActionMask = 2147483647;
			files = (
				83A03A67261DF188001E3D23 /* SettingsViewController.swift in Sources */,
				83A03A6A261DF188001E3D23 /* DialerViewController.swift in Sources */,
				83A03A6D261DF188001E3D23 /* CallViewController.swift in Sources */,
				8300A905262627D000D4D366 /* CallEvent.swift in Sources */,
				83A03A6C261DF188001E3D23 /* IncomingCallViewController.swift in Sources */,
				83A03A63261DF181001E3D23 /* AppDelegate.swift in Sources */,
				83E508C726371AA100267CF9 /* LogManager.swift in Sources */,
				83E5087D26307E5E00267CF9 /* LoggingViewController.swift in Sources */,
				83A03A4B261DE92A001E3D23 /* MicPermissionHelper.swift in Sources */,
				83A03A38261DE8E2001E3D23 /* CallManager.swift in Sources */,
			);
			runOnlyForDeploymentPostprocessing = 0;
		};
		607FACE11AFB9204008FA782 /* Sources */ = {
			isa = PBXSourcesBuildPhase;
			buildActionMask = 2147483647;
			files = (
				607FACEC1AFB9204008FA782 /* Tests.swift in Sources */,
			);
			runOnlyForDeploymentPostprocessing = 0;
		};
/* End PBXSourcesBuildPhase section */

/* Begin PBXTargetDependency section */
		607FACE71AFB9204008FA782 /* PBXTargetDependency */ = {
			isa = PBXTargetDependency;
			target = 607FACCF1AFB9204008FA782 /* iOSVoIPLib_Example */;
			targetProxy = 607FACE61AFB9204008FA782 /* PBXContainerItemProxy */;
		};
/* End PBXTargetDependency section */

/* Begin XCBuildConfiguration section */
		607FACED1AFB9204008FA782 /* Debug */ = {
			isa = XCBuildConfiguration;
			buildSettings = {
				ALWAYS_SEARCH_USER_PATHS = NO;
				CLANG_ANALYZER_LOCALIZABILITY_NONLOCALIZED = YES;
				CLANG_CXX_LANGUAGE_STANDARD = "gnu++0x";
				CLANG_CXX_LIBRARY = "libc++";
				CLANG_ENABLE_MODULES = YES;
				CLANG_ENABLE_OBJC_ARC = YES;
				CLANG_WARN_BLOCK_CAPTURE_AUTORELEASING = YES;
				CLANG_WARN_BOOL_CONVERSION = YES;
				CLANG_WARN_COMMA = YES;
				CLANG_WARN_CONSTANT_CONVERSION = YES;
				CLANG_WARN_DEPRECATED_OBJC_IMPLEMENTATIONS = YES;
				CLANG_WARN_DIRECT_OBJC_ISA_USAGE = YES_ERROR;
				CLANG_WARN_EMPTY_BODY = YES;
				CLANG_WARN_ENUM_CONVERSION = YES;
				CLANG_WARN_INFINITE_RECURSION = YES;
				CLANG_WARN_INT_CONVERSION = YES;
				CLANG_WARN_NON_LITERAL_NULL_CONVERSION = YES;
				CLANG_WARN_OBJC_IMPLICIT_RETAIN_SELF = YES;
				CLANG_WARN_OBJC_LITERAL_CONVERSION = YES;
				CLANG_WARN_OBJC_ROOT_CLASS = YES_ERROR;
				CLANG_WARN_QUOTED_INCLUDE_IN_FRAMEWORK_HEADER = YES;
				CLANG_WARN_RANGE_LOOP_ANALYSIS = YES;
				CLANG_WARN_STRICT_PROTOTYPES = YES;
				CLANG_WARN_SUSPICIOUS_MOVE = YES;
				CLANG_WARN_UNREACHABLE_CODE = YES;
				CLANG_WARN__DUPLICATE_METHOD_MATCH = YES;
				"CODE_SIGN_IDENTITY[sdk=iphoneos*]" = "iPhone Developer";
				COPY_PHASE_STRIP = NO;
				DEBUG_INFORMATION_FORMAT = "dwarf-with-dsym";
				ENABLE_STRICT_OBJC_MSGSEND = YES;
				ENABLE_TESTABILITY = YES;
				GCC_C_LANGUAGE_STANDARD = gnu99;
				GCC_DYNAMIC_NO_PIC = NO;
				GCC_NO_COMMON_BLOCKS = YES;
				GCC_OPTIMIZATION_LEVEL = 0;
				GCC_PREPROCESSOR_DEFINITIONS = (
					"DEBUG=1",
					"$(inherited)",
				);
				GCC_SYMBOLS_PRIVATE_EXTERN = NO;
				GCC_WARN_64_TO_32_BIT_CONVERSION = YES;
				GCC_WARN_ABOUT_RETURN_TYPE = YES_ERROR;
				GCC_WARN_UNDECLARED_SELECTOR = YES;
				GCC_WARN_UNINITIALIZED_AUTOS = YES_AGGRESSIVE;
				GCC_WARN_UNUSED_FUNCTION = YES;
				GCC_WARN_UNUSED_VARIABLE = YES;
				IPHONEOS_DEPLOYMENT_TARGET = 12.0;
				MTL_ENABLE_DEBUG_INFO = YES;
				ONLY_ACTIVE_ARCH = YES;
				SDKROOT = iphoneos;
				SWIFT_OPTIMIZATION_LEVEL = "-Onone";
				SWIFT_VERSION = 5.0;
			};
			name = Debug;
		};
		607FACEE1AFB9204008FA782 /* Release */ = {
			isa = XCBuildConfiguration;
			buildSettings = {
				ALWAYS_SEARCH_USER_PATHS = NO;
				CLANG_ANALYZER_LOCALIZABILITY_NONLOCALIZED = YES;
				CLANG_CXX_LANGUAGE_STANDARD = "gnu++0x";
				CLANG_CXX_LIBRARY = "libc++";
				CLANG_ENABLE_MODULES = YES;
				CLANG_ENABLE_OBJC_ARC = YES;
				CLANG_WARN_BLOCK_CAPTURE_AUTORELEASING = YES;
				CLANG_WARN_BOOL_CONVERSION = YES;
				CLANG_WARN_COMMA = YES;
				CLANG_WARN_CONSTANT_CONVERSION = YES;
				CLANG_WARN_DEPRECATED_OBJC_IMPLEMENTATIONS = YES;
				CLANG_WARN_DIRECT_OBJC_ISA_USAGE = YES_ERROR;
				CLANG_WARN_EMPTY_BODY = YES;
				CLANG_WARN_ENUM_CONVERSION = YES;
				CLANG_WARN_INFINITE_RECURSION = YES;
				CLANG_WARN_INT_CONVERSION = YES;
				CLANG_WARN_NON_LITERAL_NULL_CONVERSION = YES;
				CLANG_WARN_OBJC_IMPLICIT_RETAIN_SELF = YES;
				CLANG_WARN_OBJC_LITERAL_CONVERSION = YES;
				CLANG_WARN_OBJC_ROOT_CLASS = YES_ERROR;
				CLANG_WARN_QUOTED_INCLUDE_IN_FRAMEWORK_HEADER = YES;
				CLANG_WARN_RANGE_LOOP_ANALYSIS = YES;
				CLANG_WARN_STRICT_PROTOTYPES = YES;
				CLANG_WARN_SUSPICIOUS_MOVE = YES;
				CLANG_WARN_UNREACHABLE_CODE = YES;
				CLANG_WARN__DUPLICATE_METHOD_MATCH = YES;
				"CODE_SIGN_IDENTITY[sdk=iphoneos*]" = "iPhone Developer";
				COPY_PHASE_STRIP = NO;
				DEBUG_INFORMATION_FORMAT = "dwarf-with-dsym";
				ENABLE_NS_ASSERTIONS = NO;
				ENABLE_STRICT_OBJC_MSGSEND = YES;
				GCC_C_LANGUAGE_STANDARD = gnu99;
				GCC_NO_COMMON_BLOCKS = YES;
				GCC_WARN_64_TO_32_BIT_CONVERSION = YES;
				GCC_WARN_ABOUT_RETURN_TYPE = YES_ERROR;
				GCC_WARN_UNDECLARED_SELECTOR = YES;
				GCC_WARN_UNINITIALIZED_AUTOS = YES_AGGRESSIVE;
				GCC_WARN_UNUSED_FUNCTION = YES;
				GCC_WARN_UNUSED_VARIABLE = YES;
				IPHONEOS_DEPLOYMENT_TARGET = 12.0;
				MTL_ENABLE_DEBUG_INFO = NO;
				SDKROOT = iphoneos;
				SWIFT_OPTIMIZATION_LEVEL = "-Owholemodule";
				SWIFT_VERSION = 5.0;
				VALIDATE_PRODUCT = YES;
			};
			name = Release;
		};
		607FACF01AFB9204008FA782 /* Debug */ = {
			isa = XCBuildConfiguration;
			baseConfigurationReference = 17AD4A56BAB50115AEA64458 /* Pods-iOSVoIPLib_Example.debug.xcconfig */;
			buildSettings = {
				ASSETCATALOG_COMPILER_APPICON_NAME = AppIcon;
				CODE_SIGN_ENTITLEMENTS = iOSVoIPLib_Example.entitlements;
				DEVELOPMENT_TEAM = E2Q9UE8HM6;
				INFOPLIST_FILE = "iOSVoIPLib-Example/Supporting Files/Info.plist";
				LD_RUNPATH_SEARCH_PATHS = "$(inherited) @executable_path/Frameworks ${TARGET_BUILD_DIR}/iOSVoIPLib.framework";
				MODULE_NAME = ExampleApp;
				PRODUCT_BUNDLE_IDENTIFIER = "org.openvoipalliance.iOSVoIPLib-Example";
				PRODUCT_NAME = "$(TARGET_NAME)";
				SWIFT_SWIFT3_OBJC_INFERENCE = Default;
				SWIFT_VERSION = 5.0;
			};
			name = Debug;
		};
		607FACF11AFB9204008FA782 /* Release */ = {
			isa = XCBuildConfiguration;
			baseConfigurationReference = 8FA9869346A3F1CECE7AA701 /* Pods-iOSVoIPLib_Example.release.xcconfig */;
			buildSettings = {
				ASSETCATALOG_COMPILER_APPICON_NAME = AppIcon;
				CODE_SIGN_ENTITLEMENTS = iOSVoIPLib_Example.entitlements;
				DEVELOPMENT_TEAM = E2Q9UE8HM6;
				INFOPLIST_FILE = "iOSVoIPLib-Example/Supporting Files/Info.plist";
				LD_RUNPATH_SEARCH_PATHS = "$(inherited) @executable_path/Frameworks ${TARGET_BUILD_DIR}/iOSVoIPLib.framework";
				MODULE_NAME = ExampleApp;
				PRODUCT_BUNDLE_IDENTIFIER = "org.openvoipalliance.iOSVoIPLib-Example";
				PRODUCT_NAME = "$(TARGET_NAME)";
				SWIFT_SWIFT3_OBJC_INFERENCE = Default;
				SWIFT_VERSION = 5.0;
			};
			name = Release;
		};
		607FACF31AFB9204008FA782 /* Debug */ = {
			isa = XCBuildConfiguration;
			baseConfigurationReference = 5B084054B2EA811B7BCC8101 /* Pods-iOSVoIPLib_Tests.debug.xcconfig */;
			buildSettings = {
				ALWAYS_EMBED_SWIFT_STANDARD_LIBRARIES = YES;
				"CODE_SIGN_IDENTITY[sdk=macosx*]" = "Apple Development";
				DEVELOPMENT_TEAM = E2Q9UE8HM6;
				FRAMEWORK_SEARCH_PATHS = (
					"$(PLATFORM_DIR)/Developer/Library/Frameworks",
					"$(inherited)",
				);
				GCC_PREPROCESSOR_DEFINITIONS = (
					"DEBUG=1",
					"$(inherited)",
				);
				INFOPLIST_FILE = Tests/TestsInfo.plist;
				LD_RUNPATH_SEARCH_PATHS = "$(inherited) @executable_path/Frameworks @loader_path/Frameworks";
				PRODUCT_BUNDLE_IDENTIFIER = "org.cocoapods.$(PRODUCT_NAME:rfc1034identifier)";
				PRODUCT_NAME = "$(TARGET_NAME)";
				SWIFT_SWIFT3_OBJC_INFERENCE = Default;
				SWIFT_VERSION = 5.0;
				TEST_HOST = "$(BUILT_PRODUCTS_DIR)/iOSVoIPLib_Example.app/iOSVoIPLib_Example";
			};
			name = Debug;
		};
		607FACF41AFB9204008FA782 /* Release */ = {
			isa = XCBuildConfiguration;
			baseConfigurationReference = 9DDF9B1901B8BCE6C1AF239E /* Pods-iOSVoIPLib_Tests.release.xcconfig */;
			buildSettings = {
				ALWAYS_EMBED_SWIFT_STANDARD_LIBRARIES = YES;
				"CODE_SIGN_IDENTITY[sdk=macosx*]" = "Apple Development";
				DEVELOPMENT_TEAM = E2Q9UE8HM6;
				FRAMEWORK_SEARCH_PATHS = (
					"$(PLATFORM_DIR)/Developer/Library/Frameworks",
					"$(inherited)",
				);
				INFOPLIST_FILE = Tests/TestsInfo.plist;
				LD_RUNPATH_SEARCH_PATHS = "$(inherited) @executable_path/Frameworks @loader_path/Frameworks";
				PRODUCT_BUNDLE_IDENTIFIER = "org.cocoapods.$(PRODUCT_NAME:rfc1034identifier)";
				PRODUCT_NAME = "$(TARGET_NAME)";
				SWIFT_SWIFT3_OBJC_INFERENCE = Default;
				SWIFT_VERSION = 5.0;
				TEST_HOST = "$(BUILT_PRODUCTS_DIR)/iOSVoIPLib_Example.app/iOSVoIPLib_Example";
			};
			name = Release;
		};
/* End XCBuildConfiguration section */

/* Begin XCConfigurationList section */
		607FACCB1AFB9204008FA782 /* Build configuration list for PBXProject "iOSVoIPLib" */ = {
			isa = XCConfigurationList;
			buildConfigurations = (
				607FACED1AFB9204008FA782 /* Debug */,
				607FACEE1AFB9204008FA782 /* Release */,
			);
			defaultConfigurationIsVisible = 0;
			defaultConfigurationName = Release;
		};
		607FACEF1AFB9204008FA782 /* Build configuration list for PBXNativeTarget "iOSVoIPLib_Example" */ = {
			isa = XCConfigurationList;
			buildConfigurations = (
				607FACF01AFB9204008FA782 /* Debug */,
				607FACF11AFB9204008FA782 /* Release */,
			);
			defaultConfigurationIsVisible = 0;
			defaultConfigurationName = Release;
		};
		607FACF21AFB9204008FA782 /* Build configuration list for PBXNativeTarget "iOSVoIPLib_Tests" */ = {
			isa = XCConfigurationList;
			buildConfigurations = (
				607FACF31AFB9204008FA782 /* Debug */,
				607FACF41AFB9204008FA782 /* Release */,
			);
			defaultConfigurationIsVisible = 0;
			defaultConfigurationName = Release;
		};
/* End XCConfigurationList section */
	};
	rootObject = 607FACC81AFB9204008FA782 /* Project object */;
}
